
Microsoft Visual Studio Solution File, Format Version 12.00
# Visual Studio Version 17
VisualStudioVersion = 17.7.34009.444
MinimumVisualStudioVersion = 10.0.40219.1
Project("{F184B08F-C81C-45F6-A57F-5ABD9991F28F}") = "Barangay Cases Management System", "Barangay Cases Management System\Barangay Cases Management System.vbproj", "{E1A7C846-0FEA-4ADB-B3B0-C2FE97D52D7B}"
EndProject
Global
	GlobalSection(SolutionConfigurationPlatforms) = preSolution
		Debug|Any CPU = Debug|Any CPU
		Release|Any CPU = Release|Any CPU
	EndGlobalSection
	GlobalSection(ProjectConfigurationPlatforms) = postSolution
		{E1A7C846-0FEA-4ADB-B3B0-C2FE97D52D7B}.Debug|Any CPU.ActiveCfg = Debug|Any CPU
		{E1A7C846-0FEA-4ADB-B3B0-C2FE97D52D7B}.Debug|Any CPU.Build.0 = Debug|Any CPU
		{E1A7C846-0FEA-4ADB-B3B0-C2FE97D52D7B}.Release|Any CPU.ActiveCfg = Release|Any CPU
		{E1A7C846-0FEA-4ADB-B3B0-C2FE97D52D7B}.Release|Any CPU.Build.0 = Release|Any CPU
	EndGlobalSection
	GlobalSection(SolutionProperties) = preSolution
		HideSolutionNode = FALSE
	EndGlobalSection
	GlobalSection(ExtensibilityGlobals) = postSolution
		SolutionGuid = {FF744D28-EE31-4B7C-AF11-C72FEE6CED73}
	EndGlobalSection
EndGlobal
